
Microsoft Visual Studio Solution File, Format Version 12.00
# Visual Studio Version 17
VisualStudioVersion = 17.0.31903.59
MinimumVisualStudioVersion = 10.0.40219.1
Project("{2150E333-8FDC-42A3-9474-1A3956D46DE8}") = "src", "src", "{9600BD14-0E72-43E1-A7A8-E952084337A8}"
EndProject
EndProject
Project("{FAE04EC0-301F-11D3-BF4B-00C04F79EFBC}") = "OpenMapUnifier.Cli", "src\OpenMapUnifier.Cli\OpenMapUnifier.Cli.csproj", "{60AD178F-3609-4A8A-8C74-592FC112D0ED}"
EndProject
Project("{2150E333-8FDC-42A3-9474-1A3956D46DE8}") = "tests", "tests", "{E3FB99E9-47AE-48D3-A1D6-34DEAB381896}"
EndProject
Project("{FAE04EC0-301F-11D3-BF4B-00C04F79EFBC}") = "OpenMapUnifier.Tests", "tests\OpenMapUnifier.Tests\OpenMapUnifier.Tests.csproj", "{AED6BA39-CFC4-4943-836A-6A350CDA408E}"
EndProject
Project("{FAE04EC0-301F-11D3-BF4B-00C04F79EFBC}") = "OpenMapUnifier.Germany", "src\OpenMapUnifier.Germany\OpenMapUnifier.Germany.csproj", "{86267C14-D0A8-4C7F-99EF-4E0790D5E38B}"
EndProject
Project("{FAE04EC0-301F-11D3-BF4B-00C04F79EFBC}") = "OpenMapUnifier.Geodesy", "src\OpenMapUnifier.Geodesy\OpenMapUnifier.Geodesy.csproj", "{71F03649-E12E-4B23-90B1-F35358FD3951}"
EndProject
Project("{FAE04EC0-301F-11D3-BF4B-00C04F79EFBC}") = "OpenMapUnifier.Raster", "src\OpenMapUnifier.Raster\OpenMapUnifier.Raster.csproj", "{1D2DE169-AEEA-49A5-A49D-4E954CD33C2B}"
EndProject
Project("{FAE04EC0-301F-11D3-BF4B-00C04F79EFBC}") = "OpenMapUnifier.Networking", "src\OpenMapUnifier.Networking\OpenMapUnifier.Networking.csproj", "{662F944F-BEE9-40BE-81B4-3EA490729CF0}"
EndProject
Project("{FAE04EC0-301F-11D3-BF4B-00C04F79EFBC}") = "OpenMapUnifier.Elevation", "src\OpenMapUnifier.Elevation\OpenMapUnifier.Elevation.csproj", "{8CFDCF13-34C0-4D84-AE63-3D9372DE765B}"
EndProject
Project("{FAE04EC0-301F-11D3-BF4B-00C04F79EFBC}") = "OpenMapUnifier.Import", "src\OpenMapUnifier.Import\OpenMapUnifier.Import.csproj", "{6578A617-5A45-47AE-A023-315A5E0CB83F}"
EndProject
Global
	GlobalSection(SolutionConfigurationPlatforms) = preSolution
		Debug|Any CPU = Debug|Any CPU
		Release|Any CPU = Release|Any CPU
	EndGlobalSection
	GlobalSection(SolutionProperties) = preSolution
		HideSolutionNode = FALSE
	EndGlobalSection
	GlobalSection(ProjectConfigurationPlatforms) = postSolution
		{60AD178F-3609-4A8A-8C74-592FC112D0ED}.Debug|Any CPU.ActiveCfg = Debug|Any CPU
		{60AD178F-3609-4A8A-8C74-592FC112D0ED}.Debug|Any CPU.Build.0 = Debug|Any CPU
		{60AD178F-3609-4A8A-8C74-592FC112D0ED}.Release|Any CPU.ActiveCfg = Release|Any CPU
		{60AD178F-3609-4A8A-8C74-592FC112D0ED}.Release|Any CPU.Build.0 = Release|Any CPU
		{AED6BA39-CFC4-4943-836A-6A350CDA408E}.Debug|Any CPU.ActiveCfg = Debug|Any CPU
		{AED6BA39-CFC4-4943-836A-6A350CDA408E}.Debug|Any CPU.Build.0 = Debug|Any CPU
		{AED6BA39-CFC4-4943-836A-6A350CDA408E}.Release|Any CPU.ActiveCfg = Release|Any CPU
		{AED6BA39-CFC4-4943-836A-6A350CDA408E}.Release|Any CPU.Build.0 = Release|Any CPU
		{86267C14-D0A8-4C7F-99EF-4E0790D5E38B}.Debug|Any CPU.ActiveCfg = Debug|Any CPU
		{86267C14-D0A8-4C7F-99EF-4E0790D5E38B}.Debug|Any CPU.Build.0 = Debug|Any CPU
		{86267C14-D0A8-4C7F-99EF-4E0790D5E38B}.Release|Any CPU.ActiveCfg = Release|Any CPU
		{86267C14-D0A8-4C7F-99EF-4E0790D5E38B}.Release|Any CPU.Build.0 = Release|Any CPU
		{71F03649-E12E-4B23-90B1-F35358FD3951}.Debug|Any CPU.ActiveCfg = Debug|Any CPU
		{71F03649-E12E-4B23-90B1-F35358FD3951}.Debug|Any CPU.Build.0 = Debug|Any CPU
		{71F03649-E12E-4B23-90B1-F35358FD3951}.Release|Any CPU.ActiveCfg = Release|Any CPU
		{71F03649-E12E-4B23-90B1-F35358FD3951}.Release|Any CPU.Build.0 = Release|Any CPU
		{1D2DE169-AEEA-49A5-A49D-4E954CD33C2B}.Debug|Any CPU.ActiveCfg = Debug|Any CPU
		{1D2DE169-AEEA-49A5-A49D-4E954CD33C2B}.Debug|Any CPU.Build.0 = Debug|Any CPU
		{1D2DE169-AEEA-49A5-A49D-4E954CD33C2B}.Release|Any CPU.ActiveCfg = Release|Any CPU
		{1D2DE169-AEEA-49A5-A49D-4E954CD33C2B}.Release|Any CPU.Build.0 = Release|Any CPU
		{662F944F-BEE9-40BE-81B4-3EA490729CF0}.Debug|Any CPU.ActiveCfg = Debug|Any CPU
		{662F944F-BEE9-40BE-81B4-3EA490729CF0}.Debug|Any CPU.Build.0 = Debug|Any CPU
		{662F944F-BEE9-40BE-81B4-3EA490729CF0}.Release|Any CPU.ActiveCfg = Release|Any CPU
		{662F944F-BEE9-40BE-81B4-3EA490729CF0}.Release|Any CPU.Build.0 = Release|Any CPU
		{8CFDCF13-34C0-4D84-AE63-3D9372DE765B}.Debug|Any CPU.ActiveCfg = Debug|Any CPU
		{8CFDCF13-34C0-4D84-AE63-3D9372DE765B}.Debug|Any CPU.Build.0 = Debug|Any CPU
		{8CFDCF13-34C0-4D84-AE63-3D9372DE765B}.Release|Any CPU.ActiveCfg = Release|Any CPU
		{8CFDCF13-34C0-4D84-AE63-3D9372DE765B}.Release|Any CPU.Build.0 = Release|Any CPU
		{6578A617-5A45-47AE-A023-315A5E0CB83F}.Debug|Any CPU.ActiveCfg = Debug|Any CPU
		{6578A617-5A45-47AE-A023-315A5E0CB83F}.Debug|Any CPU.Build.0 = Debug|Any CPU
		{6578A617-5A45-47AE-A023-315A5E0CB83F}.Release|Any CPU.ActiveCfg = Release|Any CPU
		{6578A617-5A45-47AE-A023-315A5E0CB83F}.Release|Any CPU.Build.0 = Release|Any CPU
	EndGlobalSection
	GlobalSection(NestedProjects) = preSolution
		{60AD178F-3609-4A8A-8C74-592FC112D0ED} = {9600BD14-0E72-43E1-A7A8-E952084337A8}
		{AED6BA39-CFC4-4943-836A-6A350CDA408E} = {E3FB99E9-47AE-48D3-A1D6-34DEAB381896}
		{86267C14-D0A8-4C7F-99EF-4E0790D5E38B} = {9600BD14-0E72-43E1-A7A8-E952084337A8}
		{71F03649-E12E-4B23-90B1-F35358FD3951} = {9600BD14-0E72-43E1-A7A8-E952084337A8}
		{1D2DE169-AEEA-49A5-A49D-4E954CD33C2B} = {9600BD14-0E72-43E1-A7A8-E952084337A8}
		{662F944F-BEE9-40BE-81B4-3EA490729CF0} = {9600BD14-0E72-43E1-A7A8-E952084337A8}
		{8CFDCF13-34C0-4D84-AE63-3D9372DE765B} = {9600BD14-0E72-43E1-A7A8-E952084337A8}
		{6578A617-5A45-47AE-A023-315A5E0CB83F} = {9600BD14-0E72-43E1-A7A8-E952084337A8}
	EndGlobalSection
EndGlobal
